
Microsoft Visual Studio Solution File, Format Version 12.00
# Visual Studio 15
VisualStudioVersion = 15.0.28307.168
MinimumVisualStudioVersion = 10.0.40219.1
Project("{FAE04EC0-301F-11D3-BF4B-00C04F79EFBC}") = "while3", "while3\while3.csproj", "{EBE2F565-AABB-4AA2-9104-54FE3D004098}"
EndProject
Global
	GlobalSection(SolutionConfigurationPlatforms) = preSolution
		Debug|Any CPU = Debug|Any CPU
		Release|Any CPU = Release|Any CPU
	EndGlobalSection
	GlobalSection(ProjectConfigurationPlatforms) = postSolution
		{EBE2F565-AABB-4AA2-9104-54FE3D004098}.Debug|Any CPU.ActiveCfg = Debug|Any CPU
		{EBE2F565-AABB-4AA2-9104-54FE3D004098}.Debug|Any CPU.Build.0 = Debug|Any CPU
		{EBE2F565-AABB-4AA2-9104-54FE3D004098}.Release|Any CPU.ActiveCfg = Release|Any CPU
		{EBE2F565-AABB-4AA2-9104-54FE3D004098}.Release|Any CPU.Build.0 = Release|Any CPU
	EndGlobalSection
	GlobalSection(SolutionProperties) = preSolution
		HideSolutionNode = FALSE
	EndGlobalSection
	GlobalSection(ExtensibilityGlobals) = postSolution
		SolutionGuid = {E160B8C8-47D0-4DFC-96D7-D6661E75537B}
	EndGlobalSection
EndGlobal
